
Microsoft Visual Studio Solution File, Format Version 12.00
# Visual Studio Version 17
VisualStudioVersion = 17.11.35327.3
MinimumVisualStudioVersion = 10.0.40219.1
Project("{FAE04EC0-301F-11D3-BF4B-00C04F79EFBC}") = "LibrarySystem", "LibrarySystem\LibrarySystem.csproj", "{02BA801C-BD3E-49F2-87BD-6F5CC4D03094}"
EndProject
Global
	GlobalSection(SolutionConfigurationPlatforms) = preSolution
		Debug|Any CPU = Debug|Any CPU
		Release|Any CPU = Release|Any CPU
	EndGlobalSection
	GlobalSection(ProjectConfigurationPlatforms) = postSolution
		{02BA801C-BD3E-49F2-87BD-6F5CC4D03094}.Debug|Any CPU.ActiveCfg = Debug|Any CPU
		{02BA801C-BD3E-49F2-87BD-6F5CC4D03094}.Debug|Any CPU.Build.0 = Debug|Any CPU
		{02BA801C-BD3E-49F2-87BD-6F5CC4D03094}.Release|Any CPU.ActiveCfg = Release|Any CPU
		{02BA801C-BD3E-49F2-87BD-6F5CC4D03094}.Release|Any CPU.Build.0 = Release|Any CPU
	EndGlobalSection
	GlobalSection(SolutionProperties) = preSolution
		HideSolutionNode = FALSE
	EndGlobalSection
	GlobalSection(ExtensibilityGlobals) = postSolution
		SolutionGuid = {0BAC1F66-FBF8-4E34-A748-7AD1138B454A}
	EndGlobalSection
EndGlobal
